# This file is automatically @generated by Cargo.
# It is not intended for manual editing.
[[package]]
name = "graphs"
version = "0.1.0"

[[package]]
name = "mazes"
version = "0.1.0"
dependencies = [
 "svg",
]

[[package]]
name = "svg"
version = "0.8.2"
source = "registry+https://github.com/rust-lang/crates.io-index"
checksum = "3bdb25a4593d6656239319426f4025f7a658157e25e89f0e0319d7516d46042d"
